{
  "name": "@thundernetworkrad/anticrash",
  "version": "0.0.1",
  "lockfileVersion": 2,
  "requires": true,
  "packages": {
    "": {
      "name": "@thundernetworkrad/anticrash",
      "version": "0.0.1",
      "license": "Mozilla Public License 2.0",
      "dependencies": {
        "@thundernetworkrad/colors": "^2023.1.10"
      }
    },
    "node_modules/@thundernetworkrad/colors": {
      "version": "2023.1.10",
      "resolved": "https://registry.npmjs.org/@thundernetworkrad/colors/-/colors-2023.1.10.tgz",
      "integrity": "sha512-XEGps8q6QWj9aD0wSbkkrOCHUk2s0+Cs0Yu63ZeacZhGc201K9oASe1SBMoqetutDID7aJ01oKcooTe2rNR3sQ==",
      "engines": {
        "node": ">=0.1.90"
      }
    }
  },
  "dependencies": {
    "@thundernetworkrad/colors": {
      "version": "2023.1.10",
      "resolved": "https://registry.npmjs.org/@thundernetworkrad/colors/-/colors-2023.1.10.tgz",
      "integrity": "sha512-XEGps8q6QWj9aD0wSbkkrOCHUk2s0+Cs0Yu63ZeacZhGc201K9oASe1SBMoqetutDID7aJ01oKcooTe2rNR3sQ=="
    }
  }
}
